
Microsoft Visual Studio Solution File, Format Version 12.00
# Visual Studio Version 17
VisualStudioVersion = 17.4.33110.190
MinimumVisualStudioVersion = 10.0.40219.1
Project("{9A19103F-16F7-4668-BE54-9A1E7A4F7556}") = "Memoria-2023", "Memoria-2023.csproj", "{4CC987D7-718F-406E-834A-8B70CAB78E7B}"
EndProject
Project("{9A19103F-16F7-4668-BE54-9A1E7A4F7556}") = "MemoriaAPI", "..\MemoriaAPI\MemoriaAPI.csproj", "{851AC615-FE44-4C8A-9D88-D408F942745D}"
EndProject
Global
	GlobalSection(SolutionConfigurationPlatforms) = preSolution
		Debug|Any CPU = Debug|Any CPU
		Release|Any CPU = Release|Any CPU
	EndGlobalSection
	GlobalSection(ProjectConfigurationPlatforms) = postSolution
		{4CC987D7-718F-406E-834A-8B70CAB78E7B}.Debug|Any CPU.ActiveCfg = Debug|Any CPU
		{4CC987D7-718F-406E-834A-8B70CAB78E7B}.Debug|Any CPU.Build.0 = Debug|Any CPU
		{4CC987D7-718F-406E-834A-8B70CAB78E7B}.Release|Any CPU.ActiveCfg = Release|Any CPU
		{4CC987D7-718F-406E-834A-8B70CAB78E7B}.Release|Any CPU.Build.0 = Release|Any CPU
		{851AC615-FE44-4C8A-9D88-D408F942745D}.Debug|Any CPU.ActiveCfg = Debug|Any CPU
		{851AC615-FE44-4C8A-9D88-D408F942745D}.Debug|Any CPU.Build.0 = Debug|Any CPU
		{851AC615-FE44-4C8A-9D88-D408F942745D}.Release|Any CPU.ActiveCfg = Release|Any CPU
		{851AC615-FE44-4C8A-9D88-D408F942745D}.Release|Any CPU.Build.0 = Release|Any CPU
	EndGlobalSection
	GlobalSection(SolutionProperties) = preSolution
		HideSolutionNode = FALSE
	EndGlobalSection
	GlobalSection(ExtensibilityGlobals) = postSolution
		SolutionGuid = {EC4D9C57-16C5-461A-9455-C6A7E3DE342E}
	EndGlobalSection
EndGlobal
